
Microsoft Visual Studio Solution File, Format Version 12.00
# Visual Studio Version 16
VisualStudioVersion = 16.0.30517.126
MinimumVisualStudioVersion = 10.0.40219.1
Project("{FAE04EC0-301F-11D3-BF4B-00C04F79EFBC}") = "Test1", "EntryTest\Test1.csproj", "{B9A2E38E-22D7-4B0D-A0D4-9C2BF1285E34}"
EndProject
Project("{FAE04EC0-301F-11D3-BF4B-00C04F79EFBC}") = "Test3", "Test3\Test3.csproj", "{46D8654C-66F7-4870-BD94-C5C941D70D95}"
EndProject
Project("{FAE04EC0-301F-11D3-BF4B-00C04F79EFBC}") = "Test2", "Test2\Test2.csproj", "{86D2A89D-EC3C-45CB-83D8-6762A745949C}"
EndProject
Global
	GlobalSection(SolutionConfigurationPlatforms) = preSolution
		Debug|Any CPU = Debug|Any CPU
		Release|Any CPU = Release|Any CPU
	EndGlobalSection
	GlobalSection(ProjectConfigurationPlatforms) = postSolution
		{B9A2E38E-22D7-4B0D-A0D4-9C2BF1285E34}.Debug|Any CPU.ActiveCfg = Debug|Any CPU
		{B9A2E38E-22D7-4B0D-A0D4-9C2BF1285E34}.Debug|Any CPU.Build.0 = Debug|Any CPU
		{B9A2E38E-22D7-4B0D-A0D4-9C2BF1285E34}.Release|Any CPU.ActiveCfg = Release|Any CPU
		{B9A2E38E-22D7-4B0D-A0D4-9C2BF1285E34}.Release|Any CPU.Build.0 = Release|Any CPU
		{46D8654C-66F7-4870-BD94-C5C941D70D95}.Debug|Any CPU.ActiveCfg = Debug|Any CPU
		{46D8654C-66F7-4870-BD94-C5C941D70D95}.Debug|Any CPU.Build.0 = Debug|Any CPU
		{46D8654C-66F7-4870-BD94-C5C941D70D95}.Release|Any CPU.ActiveCfg = Release|Any CPU
		{46D8654C-66F7-4870-BD94-C5C941D70D95}.Release|Any CPU.Build.0 = Release|Any CPU
		{86D2A89D-EC3C-45CB-83D8-6762A745949C}.Debug|Any CPU.ActiveCfg = Debug|Any CPU
		{86D2A89D-EC3C-45CB-83D8-6762A745949C}.Debug|Any CPU.Build.0 = Debug|Any CPU
		{86D2A89D-EC3C-45CB-83D8-6762A745949C}.Release|Any CPU.ActiveCfg = Release|Any CPU
		{86D2A89D-EC3C-45CB-83D8-6762A745949C}.Release|Any CPU.Build.0 = Release|Any CPU
	EndGlobalSection
	GlobalSection(SolutionProperties) = preSolution
		HideSolutionNode = FALSE
	EndGlobalSection
	GlobalSection(ExtensibilityGlobals) = postSolution
		SolutionGuid = {A921752C-58C1-47E4-8730-23FC8A0B0517}
	EndGlobalSection
EndGlobal
